
Microsoft Visual Studio Solution File, Format Version 12.00
# Visual Studio Version 17
VisualStudioVersion = 17.9.34616.47
MinimumVisualStudioVersion = 10.0.40219.1
Project("{FAE04EC0-301F-11D3-BF4B-00C04F79EFBC}") = "ControllerAPI", "ControllerAPI\ControllerAPI.csproj", "{13DDBCA8-09C9-488C-832A-D200E0B61EC9}"
EndProject
Global
	GlobalSection(SolutionConfigurationPlatforms) = preSolution
		Debug|Any CPU = Debug|Any CPU
		Release|Any CPU = Release|Any CPU
	EndGlobalSection
	GlobalSection(ProjectConfigurationPlatforms) = postSolution
		{13DDBCA8-09C9-488C-832A-D200E0B61EC9}.Debug|Any CPU.ActiveCfg = Debug|Any CPU
		{13DDBCA8-09C9-488C-832A-D200E0B61EC9}.Debug|Any CPU.Build.0 = Debug|Any CPU
		{13DDBCA8-09C9-488C-832A-D200E0B61EC9}.Release|Any CPU.ActiveCfg = Release|Any CPU
		{13DDBCA8-09C9-488C-832A-D200E0B61EC9}.Release|Any CPU.Build.0 = Release|Any CPU
	EndGlobalSection
	GlobalSection(SolutionProperties) = preSolution
		HideSolutionNode = FALSE
	EndGlobalSection
	GlobalSection(ExtensibilityGlobals) = postSolution
		SolutionGuid = {F439006F-B785-4BD5-9C2C-A56A0FD61AF1}
	EndGlobalSection
EndGlobal
